
Microsoft Visual Studio Solution File, Format Version 12.00
# Visual Studio 15
VisualStudioVersion = 15.0.28307.329
MinimumVisualStudioVersion = 10.0.40219.1
Project("{8BC9CEB8-8B4A-11D0-8D11-00A0C91BC942}") = "TickPushApp", "ConsoleApp.vcxproj", "{97F32B20-E008-43B4-833D-CBBD3FA3D43C}"
EndProject
Project("{8BC9CEB8-8B4A-11D0-8D11-00A0C91BC942}") = "SubQuoteApp", "SubQuoteApp\SubQuoteApp.vcxproj", "{B91BECB2-7C0C-4F18-97A1-1C209E38A5CD}"
EndProject
Project("{FAE04EC0-301F-11D3-BF4B-00C04F79EFBC}") = "TickStoreApp", "TickStoreApp\TickStoreApp.csproj", "{7FB818BB-7BD3-4D1E-9093-0B04F21AC644}"
EndProject
Project("{FAE04EC0-301F-11D3-BF4B-00C04F79EFBC}") = "TickBoardcastApp", "TickBoardcastApp\TickBoardcastApp.csproj", "{8E67D6DF-608A-4BF4-8B5F-F499DA500D81}"
EndProject
Project("{FAE04EC0-301F-11D3-BF4B-00C04F79EFBC}") = "Core", "Core\Core.csproj", "{9B3527E1-D7A7-45B6-92B6-CB733DA0BA26}"
EndProject
Project("{2150E333-8FDC-42A3-9474-1A3956D46DE8}") = "shared", "shared", "{67009167-2A76-455D-8272-DEDA0FD54108}"
	ProjectSection(SolutionItems) = preProject
		shared\contoso.com.pfx = shared\contoso.com.pfx
		shared\dotnetty.com.pfx = shared\dotnetty.com.pfx
	EndProjectSection
EndProject
Project("{FAE04EC0-301F-11D3-BF4B-00C04F79EFBC}") = "Web.Shell", "Web.Shell\Web.Shell.csproj", "{47F95331-A630-4337-A708-841B79D1700D}"
EndProject
Global
	GlobalSection(SolutionConfigurationPlatforms) = preSolution
		Debug|Any CPU = Debug|Any CPU
		Debug|x64 = Debug|x64
		Debug|x86 = Debug|x86
		Dev|Any CPU = Dev|Any CPU
		Dev|x64 = Dev|x64
		Dev|x86 = Dev|x86
		Release|Any CPU = Release|Any CPU
		Release|x64 = Release|x64
		Release|x86 = Release|x86
		Test|Any CPU = Test|Any CPU
		Test|x64 = Test|x64
		Test|x86 = Test|x86
	EndGlobalSection
	GlobalSection(ProjectConfigurationPlatforms) = postSolution
		{97F32B20-E008-43B4-833D-CBBD3FA3D43C}.Debug|Any CPU.ActiveCfg = Debug|Win32
		{97F32B20-E008-43B4-833D-CBBD3FA3D43C}.Debug|x64.ActiveCfg = Debug|x64
		{97F32B20-E008-43B4-833D-CBBD3FA3D43C}.Debug|x64.Build.0 = Debug|x64
		{97F32B20-E008-43B4-833D-CBBD3FA3D43C}.Debug|x86.ActiveCfg = Debug|Win32
		{97F32B20-E008-43B4-833D-CBBD3FA3D43C}.Debug|x86.Build.0 = Debug|Win32
		{97F32B20-E008-43B4-833D-CBBD3FA3D43C}.Dev|Any CPU.ActiveCfg = Release|x64
		{97F32B20-E008-43B4-833D-CBBD3FA3D43C}.Dev|Any CPU.Build.0 = Release|x64
		{97F32B20-E008-43B4-833D-CBBD3FA3D43C}.Dev|x64.ActiveCfg = Debug|x64
		{97F32B20-E008-43B4-833D-CBBD3FA3D43C}.Dev|x64.Build.0 = Debug|x64
		{97F32B20-E008-43B4-833D-CBBD3FA3D43C}.Dev|x86.ActiveCfg = Debug|Win32
		{97F32B20-E008-43B4-833D-CBBD3FA3D43C}.Dev|x86.Build.0 = Debug|Win32
		{97F32B20-E008-43B4-833D-CBBD3FA3D43C}.Release|Any CPU.ActiveCfg = Release|Win32
		{97F32B20-E008-43B4-833D-CBBD3FA3D43C}.Release|x64.ActiveCfg = Release|x64
		{97F32B20-E008-43B4-833D-CBBD3FA3D43C}.Release|x64.Build.0 = Release|x64
		{97F32B20-E008-43B4-833D-CBBD3FA3D43C}.Release|x86.ActiveCfg = Release|Win32
		{97F32B20-E008-43B4-833D-CBBD3FA3D43C}.Release|x86.Build.0 = Release|Win32
		{97F32B20-E008-43B4-833D-CBBD3FA3D43C}.Test|Any CPU.ActiveCfg = Release|x64
		{97F32B20-E008-43B4-833D-CBBD3FA3D43C}.Test|Any CPU.Build.0 = Release|x64
		{97F32B20-E008-43B4-833D-CBBD3FA3D43C}.Test|x64.ActiveCfg = Release|x64
		{97F32B20-E008-43B4-833D-CBBD3FA3D43C}.Test|x64.Build.0 = Release|x64
		{97F32B20-E008-43B4-833D-CBBD3FA3D43C}.Test|x86.ActiveCfg = Release|Win32
		{97F32B20-E008-43B4-833D-CBBD3FA3D43C}.Test|x86.Build.0 = Release|Win32
		{B91BECB2-7C0C-4F18-97A1-1C209E38A5CD}.Debug|Any CPU.ActiveCfg = Debug|Win32
		{B91BECB2-7C0C-4F18-97A1-1C209E38A5CD}.Debug|x64.ActiveCfg = Debug|x64
		{B91BECB2-7C0C-4F18-97A1-1C209E38A5CD}.Debug|x64.Build.0 = Debug|x64
		{B91BECB2-7C0C-4F18-97A1-1C209E38A5CD}.Debug|x86.ActiveCfg = Debug|Win32
		{B91BECB2-7C0C-4F18-97A1-1C209E38A5CD}.Debug|x86.Build.0 = Debug|Win32
		{B91BECB2-7C0C-4F18-97A1-1C209E38A5CD}.Dev|Any CPU.ActiveCfg = Release|x64
		{B91BECB2-7C0C-4F18-97A1-1C209E38A5CD}.Dev|Any CPU.Build.0 = Release|x64
		{B91BECB2-7C0C-4F18-97A1-1C209E38A5CD}.Dev|x64.ActiveCfg = Debug|x64
		{B91BECB2-7C0C-4F18-97A1-1C209E38A5CD}.Dev|x64.Build.0 = Debug|x64
		{B91BECB2-7C0C-4F18-97A1-1C209E38A5CD}.Dev|x86.ActiveCfg = Debug|Win32
		{B91BECB2-7C0C-4F18-97A1-1C209E38A5CD}.Dev|x86.Build.0 = Debug|Win32
		{B91BECB2-7C0C-4F18-97A1-1C209E38A5CD}.Release|Any CPU.ActiveCfg = Release|Win32
		{B91BECB2-7C0C-4F18-97A1-1C209E38A5CD}.Release|x64.ActiveCfg = Release|x64
		{B91BECB2-7C0C-4F18-97A1-1C209E38A5CD}.Release|x64.Build.0 = Release|x64
		{B91BECB2-7C0C-4F18-97A1-1C209E38A5CD}.Release|x86.ActiveCfg = Release|Win32
		{B91BECB2-7C0C-4F18-97A1-1C209E38A5CD}.Release|x86.Build.0 = Release|Win32
		{B91BECB2-7C0C-4F18-97A1-1C209E38A5CD}.Test|Any CPU.ActiveCfg = Release|x64
		{B91BECB2-7C0C-4F18-97A1-1C209E38A5CD}.Test|Any CPU.Build.0 = Release|x64
		{B91BECB2-7C0C-4F18-97A1-1C209E38A5CD}.Test|x64.ActiveCfg = Release|x64
		{B91BECB2-7C0C-4F18-97A1-1C209E38A5CD}.Test|x64.Build.0 = Release|x64
		{B91BECB2-7C0C-4F18-97A1-1C209E38A5CD}.Test|x86.ActiveCfg = Release|Win32
		{B91BECB2-7C0C-4F18-97A1-1C209E38A5CD}.Test|x86.Build.0 = Release|Win32
		{7FB818BB-7BD3-4D1E-9093-0B04F21AC644}.Debug|Any CPU.ActiveCfg = Debug|Any CPU
		{7FB818BB-7BD3-4D1E-9093-0B04F21AC644}.Debug|Any CPU.Build.0 = Debug|Any CPU
		{7FB818BB-7BD3-4D1E-9093-0B04F21AC644}.Debug|x64.ActiveCfg = Debug|Any CPU
		{7FB818BB-7BD3-4D1E-9093-0B04F21AC644}.Debug|x64.Build.0 = Debug|Any CPU
		{7FB818BB-7BD3-4D1E-9093-0B04F21AC644}.Debug|x86.ActiveCfg = Debug|Any CPU
		{7FB818BB-7BD3-4D1E-9093-0B04F21AC644}.Debug|x86.Build.0 = Debug|Any CPU
		{7FB818BB-7BD3-4D1E-9093-0B04F21AC644}.Dev|Any CPU.ActiveCfg = Debug|Any CPU
		{7FB818BB-7BD3-4D1E-9093-0B04F21AC644}.Dev|Any CPU.Build.0 = Debug|Any CPU
		{7FB818BB-7BD3-4D1E-9093-0B04F21AC644}.Dev|x64.ActiveCfg = Debug|Any CPU
		{7FB818BB-7BD3-4D1E-9093-0B04F21AC644}.Dev|x64.Build.0 = Debug|Any CPU
		{7FB818BB-7BD3-4D1E-9093-0B04F21AC644}.Dev|x86.ActiveCfg = Debug|Any CPU
		{7FB818BB-7BD3-4D1E-9093-0B04F21AC644}.Dev|x86.Build.0 = Debug|Any CPU
		{7FB818BB-7BD3-4D1E-9093-0B04F21AC644}.Release|Any CPU.ActiveCfg = Release|Any CPU
		{7FB818BB-7BD3-4D1E-9093-0B04F21AC644}.Release|Any CPU.Build.0 = Release|Any CPU
		{7FB818BB-7BD3-4D1E-9093-0B04F21AC644}.Release|x64.ActiveCfg = Release|Any CPU
		{7FB818BB-7BD3-4D1E-9093-0B04F21AC644}.Release|x64.Build.0 = Release|Any CPU
		{7FB818BB-7BD3-4D1E-9093-0B04F21AC644}.Release|x86.ActiveCfg = Release|Any CPU
		{7FB818BB-7BD3-4D1E-9093-0B04F21AC644}.Release|x86.Build.0 = Release|Any CPU
		{7FB818BB-7BD3-4D1E-9093-0B04F21AC644}.Test|Any CPU.ActiveCfg = Release|Any CPU
		{7FB818BB-7BD3-4D1E-9093-0B04F21AC644}.Test|Any CPU.Build.0 = Release|Any CPU
		{7FB818BB-7BD3-4D1E-9093-0B04F21AC644}.Test|x64.ActiveCfg = Release|Any CPU
		{7FB818BB-7BD3-4D1E-9093-0B04F21AC644}.Test|x64.Build.0 = Release|Any CPU
		{7FB818BB-7BD3-4D1E-9093-0B04F21AC644}.Test|x86.ActiveCfg = Release|Any CPU
		{7FB818BB-7BD3-4D1E-9093-0B04F21AC644}.Test|x86.Build.0 = Release|Any CPU
		{8E67D6DF-608A-4BF4-8B5F-F499DA500D81}.Debug|Any CPU.ActiveCfg = Debug|Any CPU
		{8E67D6DF-608A-4BF4-8B5F-F499DA500D81}.Debug|Any CPU.Build.0 = Debug|Any CPU
		{8E67D6DF-608A-4BF4-8B5F-F499DA500D81}.Debug|x64.ActiveCfg = Debug|Any CPU
		{8E67D6DF-608A-4BF4-8B5F-F499DA500D81}.Debug|x64.Build.0 = Debug|Any CPU
		{8E67D6DF-608A-4BF4-8B5F-F499DA500D81}.Debug|x86.ActiveCfg = Debug|Any CPU
		{8E67D6DF-608A-4BF4-8B5F-F499DA500D81}.Debug|x86.Build.0 = Debug|Any CPU
		{8E67D6DF-608A-4BF4-8B5F-F499DA500D81}.Dev|Any CPU.ActiveCfg = Debug|Any CPU
		{8E67D6DF-608A-4BF4-8B5F-F499DA500D81}.Dev|Any CPU.Build.0 = Debug|Any CPU
		{8E67D6DF-608A-4BF4-8B5F-F499DA500D81}.Dev|x64.ActiveCfg = Debug|Any CPU
		{8E67D6DF-608A-4BF4-8B5F-F499DA500D81}.Dev|x64.Build.0 = Debug|Any CPU
		{8E67D6DF-608A-4BF4-8B5F-F499DA500D81}.Dev|x86.ActiveCfg = Debug|Any CPU
		{8E67D6DF-608A-4BF4-8B5F-F499DA500D81}.Dev|x86.Build.0 = Debug|Any CPU
		{8E67D6DF-608A-4BF4-8B5F-F499DA500D81}.Release|Any CPU.ActiveCfg = Release|Any CPU
		{8E67D6DF-608A-4BF4-8B5F-F499DA500D81}.Release|Any CPU.Build.0 = Release|Any CPU
		{8E67D6DF-608A-4BF4-8B5F-F499DA500D81}.Release|x64.ActiveCfg = Release|Any CPU
		{8E67D6DF-608A-4BF4-8B5F-F499DA500D81}.Release|x64.Build.0 = Release|Any CPU
		{8E67D6DF-608A-4BF4-8B5F-F499DA500D81}.Release|x86.ActiveCfg = Release|Any CPU
		{8E67D6DF-608A-4BF4-8B5F-F499DA500D81}.Release|x86.Build.0 = Release|Any CPU
		{8E67D6DF-608A-4BF4-8B5F-F499DA500D81}.Test|Any CPU.ActiveCfg = Release|Any CPU
		{8E67D6DF-608A-4BF4-8B5F-F499DA500D81}.Test|Any CPU.Build.0 = Release|Any CPU
		{8E67D6DF-608A-4BF4-8B5F-F499DA500D81}.Test|x64.ActiveCfg = Release|Any CPU
		{8E67D6DF-608A-4BF4-8B5F-F499DA500D81}.Test|x64.Build.0 = Release|Any CPU
		{8E67D6DF-608A-4BF4-8B5F-F499DA500D81}.Test|x86.ActiveCfg = Release|Any CPU
		{8E67D6DF-608A-4BF4-8B5F-F499DA500D81}.Test|x86.Build.0 = Release|Any CPU
		{9B3527E1-D7A7-45B6-92B6-CB733DA0BA26}.Debug|Any CPU.ActiveCfg = Debug|Any CPU
		{9B3527E1-D7A7-45B6-92B6-CB733DA0BA26}.Debug|Any CPU.Build.0 = Debug|Any CPU
		{9B3527E1-D7A7-45B6-92B6-CB733DA0BA26}.Debug|x64.ActiveCfg = Debug|Any CPU
		{9B3527E1-D7A7-45B6-92B6-CB733DA0BA26}.Debug|x64.Build.0 = Debug|Any CPU
		{9B3527E1-D7A7-45B6-92B6-CB733DA0BA26}.Debug|x86.ActiveCfg = Debug|Any CPU
		{9B3527E1-D7A7-45B6-92B6-CB733DA0BA26}.Debug|x86.Build.0 = Debug|Any CPU
		{9B3527E1-D7A7-45B6-92B6-CB733DA0BA26}.Dev|Any CPU.ActiveCfg = Debug|Any CPU
		{9B3527E1-D7A7-45B6-92B6-CB733DA0BA26}.Dev|Any CPU.Build.0 = Debug|Any CPU
		{9B3527E1-D7A7-45B6-92B6-CB733DA0BA26}.Dev|x64.ActiveCfg = Debug|Any CPU
		{9B3527E1-D7A7-45B6-92B6-CB733DA0BA26}.Dev|x64.Build.0 = Debug|Any CPU
		{9B3527E1-D7A7-45B6-92B6-CB733DA0BA26}.Dev|x86.ActiveCfg = Debug|Any CPU
		{9B3527E1-D7A7-45B6-92B6-CB733DA0BA26}.Dev|x86.Build.0 = Debug|Any CPU
		{9B3527E1-D7A7-45B6-92B6-CB733DA0BA26}.Release|Any CPU.ActiveCfg = Release|Any CPU
		{9B3527E1-D7A7-45B6-92B6-CB733DA0BA26}.Release|Any CPU.Build.0 = Release|Any CPU
		{9B3527E1-D7A7-45B6-92B6-CB733DA0BA26}.Release|x64.ActiveCfg = Release|Any CPU
		{9B3527E1-D7A7-45B6-92B6-CB733DA0BA26}.Release|x64.Build.0 = Release|Any CPU
		{9B3527E1-D7A7-45B6-92B6-CB733DA0BA26}.Release|x86.ActiveCfg = Release|Any CPU
		{9B3527E1-D7A7-45B6-92B6-CB733DA0BA26}.Release|x86.Build.0 = Release|Any CPU
		{9B3527E1-D7A7-45B6-92B6-CB733DA0BA26}.Test|Any CPU.ActiveCfg = Release|Any CPU
		{9B3527E1-D7A7-45B6-92B6-CB733DA0BA26}.Test|Any CPU.Build.0 = Release|Any CPU
		{9B3527E1-D7A7-45B6-92B6-CB733DA0BA26}.Test|x64.ActiveCfg = Release|Any CPU
		{9B3527E1-D7A7-45B6-92B6-CB733DA0BA26}.Test|x64.Build.0 = Release|Any CPU
		{9B3527E1-D7A7-45B6-92B6-CB733DA0BA26}.Test|x86.ActiveCfg = Release|Any CPU
		{9B3527E1-D7A7-45B6-92B6-CB733DA0BA26}.Test|x86.Build.0 = Release|Any CPU
		{47F95331-A630-4337-A708-841B79D1700D}.Debug|Any CPU.ActiveCfg = Debug|Any CPU
		{47F95331-A630-4337-A708-841B79D1700D}.Debug|Any CPU.Build.0 = Debug|Any CPU
		{47F95331-A630-4337-A708-841B79D1700D}.Debug|x64.ActiveCfg = Debug|Any CPU
		{47F95331-A630-4337-A708-841B79D1700D}.Debug|x64.Build.0 = Debug|Any CPU
		{47F95331-A630-4337-A708-841B79D1700D}.Debug|x86.ActiveCfg = Debug|Any CPU
		{47F95331-A630-4337-A708-841B79D1700D}.Debug|x86.Build.0 = Debug|Any CPU
		{47F95331-A630-4337-A708-841B79D1700D}.Dev|Any CPU.ActiveCfg = Dev|Any CPU
		{47F95331-A630-4337-A708-841B79D1700D}.Dev|Any CPU.Build.0 = Dev|Any CPU
		{47F95331-A630-4337-A708-841B79D1700D}.Dev|x64.ActiveCfg = Dev|Any CPU
		{47F95331-A630-4337-A708-841B79D1700D}.Dev|x64.Build.0 = Dev|Any CPU
		{47F95331-A630-4337-A708-841B79D1700D}.Dev|x86.ActiveCfg = Dev|Any CPU
		{47F95331-A630-4337-A708-841B79D1700D}.Dev|x86.Build.0 = Dev|Any CPU
		{47F95331-A630-4337-A708-841B79D1700D}.Release|Any CPU.ActiveCfg = Release|Any CPU
		{47F95331-A630-4337-A708-841B79D1700D}.Release|Any CPU.Build.0 = Release|Any CPU
		{47F95331-A630-4337-A708-841B79D1700D}.Release|x64.ActiveCfg = Release|Any CPU
		{47F95331-A630-4337-A708-841B79D1700D}.Release|x64.Build.0 = Release|Any CPU
		{47F95331-A630-4337-A708-841B79D1700D}.Release|x86.ActiveCfg = Release|Any CPU
		{47F95331-A630-4337-A708-841B79D1700D}.Release|x86.Build.0 = Release|Any CPU
		{47F95331-A630-4337-A708-841B79D1700D}.Test|Any CPU.ActiveCfg = Test|Any CPU
		{47F95331-A630-4337-A708-841B79D1700D}.Test|Any CPU.Build.0 = Test|Any CPU
		{47F95331-A630-4337-A708-841B79D1700D}.Test|x64.ActiveCfg = Test|Any CPU
		{47F95331-A630-4337-A708-841B79D1700D}.Test|x64.Build.0 = Test|Any CPU
		{47F95331-A630-4337-A708-841B79D1700D}.Test|x86.ActiveCfg = Test|Any CPU
		{47F95331-A630-4337-A708-841B79D1700D}.Test|x86.Build.0 = Test|Any CPU
	EndGlobalSection
	GlobalSection(SolutionProperties) = preSolution
		HideSolutionNode = FALSE
	EndGlobalSection
	GlobalSection(ExtensibilityGlobals) = postSolution
		SolutionGuid = {3548D097-E7AC-4FFE-B835-BB42166A6862}
	EndGlobalSection
EndGlobal
